lockfileVersion: 5.4

specifiers:
  '@types/inquirer': ^9.0.2
  '@types/node': ^18.11.3
  inquirer: ^9.1.4
  typescript: ^4.8.4
  vite-node: ^0.24.3
  vitest: ^0.24.3

dependencies:
  '@types/inquirer': 9.0.2
  inquirer: 9.1.4
  vite-node: 0.24.3

devDependencies:
  '@types/node': 18.11.3
  typescript: 4.8.4
  vitest: 0.24.3

packages:

  /@esbuild/android-arm/0.15.12:
    resolution: {integrity: sha512-IC7TqIqiyE0MmvAhWkl/8AEzpOtbhRNDo7aph47We1NbE5w2bt/Q+giAhe0YYeVpYnIhGMcuZY92qDK6dQauvA==}
    engines: {node: '>=12'}
    cpu: [arm]
    os: [android]
    requiresBuild: true
    optional: true

  /@esbuild/linux-loong64/0.15.12:
    resolution: {integrity: sha512-tZEowDjvU7O7I04GYvWQOS4yyP9E/7YlsB0jjw1Ycukgr2ycEzKyIk5tms5WnLBymaewc6VmRKnn5IJWgK4eFw==}
    engines: {node: '>=12'}
    cpu: [loong64]
    os: [linux]
    requiresBuild: true
    optional: true

  /@types/chai-subset/1.3.3:
    resolution: {integrity: sha512-frBecisrNGz+F4T6bcc+NLeolfiojh5FxW2klu669+8BARtyQv2C/GkNW6FUodVe4BroGMP/wER/YDGc7rEllw==}
    dependencies:
      '@types/chai': 4.3.3
    dev: true

  /@types/chai/4.3.3:
    resolution: {integrity: sha512-hC7OMnszpxhZPduX+m+nrx+uFoLkWOMiR4oa/AZF3MuSETYTZmFfJAHqZEM8MVlvfG7BEUcgvtwoCTxBp6hm3g==}
    dev: true

  /@types/inquirer/9.0.2:
    resolution: {integrity: sha512-MQc3adiIh/rDxLkjnvL03rSvuHg+/dKif4dn/MRsnE+oU1bAdyuDbW0w+ewR1M/M/u/Z0YAbw7NZYCpgQ5SW8A==}
    dependencies:
      '@types/through': 0.0.30
      rxjs: 7.5.7
    dev: false

  /@types/node/18.11.3:
    resolution: {integrity: sha512-fNjDQzzOsZeKZu5NATgXUPsaFaTxeRgFXoosrHivTl8RGeV733OLawXsGfEk9a8/tySyZUyiZ6E8LcjPFZ2y1A==}

  /@types/through/0.0.30:
    resolution: {integrity: sha512-FvnCJljyxhPM3gkRgWmxmDZyAQSiBQQWLI0A0VFL0K7W1oRUrPJSqNO0NvTnLkBcotdlp3lKvaT0JrnyRDkzOg==}
    dependencies:
      '@types/node': 18.11.3
    dev: false

  /acorn/8.8.0:
    resolution: {integrity: sha512-QOxyigPVrpZ2GXT+PFyZTl6TtOFc5egxHIP9IlQ+RbupQuX4RkT/Bee4/kQuC02Xkzg84JcT7oLYtDIQxp+v7w==}
    engines: {node: '>=0.4.0'}
    hasBin: true

  /ansi-escapes/6.0.0:
    resolution: {integrity: sha512-IG23inYII3dWlU2EyiAiGj6Bwal5GzsgPMwjYGvc1HPE2dgbj4ZB5ToWBKSquKw74nB3TIuOwaI6/jSULzfgrw==}
    engines: {node: '>=14.16'}
    dependencies:
      type-fest: 3.1.0
    dev: false

  /ansi-regex/6.0.1:
    resolution: {integrity: sha512-n5M855fKb2SsfMIiFFoVrABHJC8QtHwVx+mHWP3QcEqBHYienj5dHSgjbxtC0WEZXYt4wcD6zrQElDPhFuZgfA==}
    engines: {node: '>=12'}
    dev: false

  /ansi-styles/6.2.1:
    resolution: {integrity: sha512-bN798gFfQX+viw3R7yrGWRqnrN2oRkEkUjjl4JNn4E8GxxbjtG3FbrEIIY3l8/hrwUwIeCZvi4QuOTP4MErVug==}
    engines: {node: '>=12'}
    dev: false

  /assertion-error/1.1.0:
    resolution: {integrity: sha512-jgsaNduz+ndvGyFt3uSuWqvy4lCnIJiovtouQN5JZHOKCS2QuhEdbcQHFhVksz2N2U9hXJo8odG7ETyWlEeuDw==}
    dev: true

  /base64-js/1.5.1:
    resolution: {integrity: sha512-AKpaYlHn8t4SVbOHCy+b5+KKgvR4vrsD8vbvrbiQJps7fKDTkjkDry6ji0rUJjC0kzbNePLwzxq8iypo41qeWA==}
    dev: false

  /bl/5.1.0:
    resolution: {integrity: sha512-tv1ZJHLfTDnXE6tMHv73YgSJaWR2AFuPwMntBe7XL/GBFHnT0CLnsHMogfk5+GzCDC5ZWarSCYaIGATZt9dNsQ==}
    dependencies:
      buffer: 6.0.3
      inherits: 2.0.4
      readable-stream: 3.6.0
    dev: false

  /buffer/6.0.3:
    resolution: {integrity: sha512-FTiCpNxtwiZZHEZbcbTIcZjERVICn9yq/pDFkTl95/AxzD1naBctN7YO68riM/gLSDY7sdrMby8hofADYuuqOA==}
    dependencies:
      base64-js: 1.5.1
      ieee754: 1.2.1
    dev: false

  /chai/4.3.6:
    resolution: {integrity: sha512-bbcp3YfHCUzMOvKqsztczerVgBKSsEijCySNlHHbX3VG1nskvqjz5Rfso1gGwD6w6oOV3eI60pKuMOV5MV7p3Q==}
    engines: {node: '>=4'}
    dependencies:
      assertion-error: 1.1.0
      check-error: 1.0.2
      deep-eql: 3.0.1
      get-func-name: 2.0.0
      loupe: 2.3.4
      pathval: 1.1.1
      type-detect: 4.0.8
    dev: true

  /chalk/5.1.2:
    resolution: {integrity: sha512-E5CkT4jWURs1Vy5qGJye+XwCkNj7Od3Af7CP6SujMetSMkLs8Do2RWJK5yx1wamHV/op8Rz+9rltjaTQWDnEFQ==}
    engines: {node: ^12.17.0 || ^14.13 || >=16.0.0}
    dev: false

  /chardet/0.7.0:
    resolution: {integrity: sha512-mT8iDcrh03qDGRRmoA2hmBJnxpllMR+0/0qlzjqZES6NdiWDcZkCNAk4rPFZ9Q85r27unkiNNg8ZOiwZXBHwcA==}
    dev: false

  /check-error/1.0.2:
    resolution: {integrity: sha512-BrgHpW9NURQgzoNyjfq0Wu6VFO6D7IZEmJNdtgNqpzGG8RuNFHt2jQxWlAs4HMe119chBnv+34syEZtc6IhLtA==}
    dev: true

  /cli-cursor/4.0.0:
    resolution: {integrity: sha512-VGtlMu3x/4DOtIUwEkRezxUZ2lBacNJCHash0N0WeZDBS+7Ux1dm3XWAgWYxLJFMMdOeXMHXorshEFhbMSGelg==}
    engines: {node: ^12.20.0 || ^14.13.1 || >=16.0.0}
    dependencies:
      restore-cursor: 4.0.0
    dev: false

  /cli-spinners/2.7.0:
    resolution: {integrity: sha512-qu3pN8Y3qHNgE2AFweciB1IfMnmZ/fsNTEE+NOFjmGB2F/7rLhnhzppvpCnN4FovtP26k8lHyy9ptEbNwWFLzw==}
    engines: {node: '>=6'}
    dev: false

  /cli-width/4.0.0:
    resolution: {integrity: sha512-ZksGS2xpa/bYkNzN3BAw1wEjsLV/ZKOf/CCrJ/QOBsxx6fOARIkwTutxp1XIOIohi6HKmOFjMoK/XaqDVUpEEw==}
    engines: {node: '>= 12'}
    dev: false

  /clone/1.0.4:
    resolution: {integrity: sha512-JQHZ2QMW6l3aH/j6xCqQThY/9OH4D/9ls34cgkUBiEeocRTU04tHfKPBsUK1PqZCUQM7GiA0IIXJSuXHI64Kbg==}
    engines: {node: '>=0.8'}
    dev: false

  /debug/4.3.4:
    resolution: {integrity: sha512-PRWFHuSU3eDtQJPvnNY7Jcket1j0t5OuOsFzPPzsekD52Zl8qUfFIPEiswXqIvHWGVHOgX+7G/vCNNhehwxfkQ==}
    engines: {node: '>=6.0'}
    peerDependencies:
      supports-color: '*'
    peerDependenciesMeta:
      supports-color:
        optional: true
    dependencies:
      ms: 2.1.2

  /deep-eql/3.0.1:
    resolution: {integrity: sha512-+QeIQyN5ZuO+3Uk5DYh6/1eKO0m0YmJFGNmFHGACpf1ClL1nmlV/p4gNgbl2pJGxgXb4faqo6UE+M5ACEMyVcw==}
    engines: {node: '>=0.12'}
    dependencies:
      type-detect: 4.0.8
    dev: true

  /defaults/1.0.4:
    resolution: {integrity: sha512-eFuaLoy/Rxalv2kr+lqMlUnrDWV+3j4pljOIJgLIhI058IQfWJ7vXhyEIHu+HtC738klGALYxOKDO0bQP3tg8A==}
    dependencies:
      clone: 1.0.4
    dev: false

  /eastasianwidth/0.2.0:
    resolution: {integrity: sha512-I88TYZWc9XiYHRQ4/3c5rjjfgkjhLyW2luGIheGERbNQ6OY7yTybanSpDXZa8y7VUP9YmDcYa+eyq4ca7iLqWA==}
    dev: false

  /emoji-regex/9.2.2:
    resolution: {integrity: sha512-L18DaJsXSUk2+42pv8mLs5jJT2hqFkFE4j21wOmgbUqsZ2hL72NsUU785g9RXgo3s0ZNgVl42TiHp3ZtOv/Vyg==}
    dev: false

  /esbuild-android-64/0.15.12:
    resolution: {integrity: sha512-MJKXwvPY9g0rGps0+U65HlTsM1wUs9lbjt5CU19RESqycGFDRijMDQsh68MtbzkqWSRdEtiKS1mtPzKneaAI0Q==}
    engines: {node: '>=12'}
    cpu: [x64]
    os: [android]
    requiresBuild: true
    optional: true

  /esbuild-android-arm64/0.15.12:
    resolution: {integrity: sha512-Hc9SEcZbIMhhLcvhr1DH+lrrec9SFTiRzfJ7EGSBZiiw994gfkVV6vG0sLWqQQ6DD7V4+OggB+Hn0IRUdDUqvA==}
    engines: {node: '>=12'}
    cpu: [arm64]
    os: [android]
    requiresBuild: true
    optional: true

  /esbuild-darwin-64/0.15.12:
    resolution: {integrity: sha512-qkmqrTVYPFiePt5qFjP8w/S+GIUMbt6k8qmiPraECUWfPptaPJUGkCKrWEfYFRWB7bY23FV95rhvPyh/KARP8Q==}
    engines: {node: '>=12'}
    cpu: [x64]
    os: [darwin]
    requiresBuild: true
    optional: true

  /esbuild-darwin-arm64/0.15.12:
    resolution: {integrity: sha512-z4zPX02tQ41kcXMyN3c/GfZpIjKoI/BzHrdKUwhC/Ki5BAhWv59A9M8H+iqaRbwpzYrYidTybBwiZAIWCLJAkw==}
    engines: {node: '>=12'}
    cpu: [arm64]
    os: [darwin]
    requiresBuild: true
    optional: true

  /esbuild-freebsd-64/0.15.12:
    resolution: {integrity: sha512-XFL7gKMCKXLDiAiBjhLG0XECliXaRLTZh6hsyzqUqPUf/PY4C6EJDTKIeqqPKXaVJ8+fzNek88285krSz1QECw==}
    engines: {node: '>=12'}
    cpu: [x64]
    os: [freebsd]
    requiresBuild: true
    optional: true

  /esbuild-freebsd-arm64/0.15.12:
    resolution: {integrity: sha512-jwEIu5UCUk6TjiG1X+KQnCGISI+ILnXzIzt9yDVrhjug2fkYzlLbl0K43q96Q3KB66v6N1UFF0r5Ks4Xo7i72g==}
    engines: {node: '>=12'}
    cpu: [arm64]
    os: [freebsd]
    requiresBuild: true
    optional: true

  /esbuild-linux-32/0.15.12:
    resolution: {integrity: sha512-uSQuSEyF1kVzGzuIr4XM+v7TPKxHjBnLcwv2yPyCz8riV8VUCnO/C4BF3w5dHiVpCd5Z1cebBtZJNlC4anWpwA==}
    engines: {node: '>=12'}
    cpu: [ia32]
    os: [linux]
    requiresBuild: true
    optional: true

  /esbuild-linux-64/0.15.12:
    resolution: {integrity: sha512-QcgCKb7zfJxqT9o5z9ZUeGH1k8N6iX1Y7VNsEi5F9+HzN1OIx7ESxtQXDN9jbeUSPiRH1n9cw6gFT3H4qbdvcA==}
    engines: {node: '>=12'}
    cpu: [x64]
    os: [linux]
    requiresBuild: true
    optional: true

  /esbuild-linux-arm/0.15.12:
    resolution: {integrity: sha512-Wf7T0aNylGcLu7hBnzMvsTfEXdEdJY/hY3u36Vla21aY66xR0MS5I1Hw8nVquXjTN0A6fk/vnr32tkC/C2lb0A==}
    engines: {node: '>=12'}
    cpu: [arm]
    os: [linux]
    requiresBuild: true
    optional: true

  /esbuild-linux-arm64/0.15.12:
    resolution: {integrity: sha512-HtNq5xm8fUpZKwWKS2/YGwSfTF+339L4aIA8yphNKYJckd5hVdhfdl6GM2P3HwLSCORS++++7++//ApEwXEuAQ==}
    engines: {node: '>=12'}
    cpu: [arm64]
    os: [linux]
    requiresBuild: true
    optional: true

  /esbuild-linux-mips64le/0.15.12:
    resolution: {integrity: sha512-Qol3+AvivngUZkTVFgLpb0H6DT+N5/zM3V1YgTkryPYFeUvuT5JFNDR3ZiS6LxhyF8EE+fiNtzwlPqMDqVcc6A==}
    engines: {node: '>=12'}
    cpu: [mips64el]
    os: [linux]
    requiresBuild: true
    optional: true

  /esbuild-linux-ppc64le/0.15.12:
    resolution: {integrity: sha512-4D8qUCo+CFKaR0cGXtGyVsOI7w7k93Qxb3KFXWr75An0DHamYzq8lt7TNZKoOq/Gh8c40/aKaxvcZnTgQ0TJNg==}
    engines: {node: '>=12'}
    cpu: [ppc64]
    os: [linux]
    requiresBuild: true
    optional: true

  /esbuild-linux-riscv64/0.15.12:
    resolution: {integrity: sha512-G9w6NcuuCI6TUUxe6ka0enjZHDnSVK8bO+1qDhMOCtl7Tr78CcZilJj8SGLN00zO5iIlwNRZKHjdMpfFgNn1VA==}
    engines: {node: '>=12'}
    cpu: [riscv64]
    os: [linux]
    requiresBuild: true
    optional: true

  /esbuild-linux-s390x/0.15.12:
    resolution: {integrity: sha512-Lt6BDnuXbXeqSlVuuUM5z18GkJAZf3ERskGZbAWjrQoi9xbEIsj/hEzVnSAFLtkfLuy2DE4RwTcX02tZFunXww==}
    engines: {node: '>=12'}
    cpu: [s390x]
    os: [linux]
    requiresBuild: true
    optional: true

  /esbuild-netbsd-64/0.15.12:
    resolution: {integrity: sha512-jlUxCiHO1dsqoURZDQts+HK100o0hXfi4t54MNRMCAqKGAV33JCVvMplLAa2FwviSojT/5ZG5HUfG3gstwAG8w==}
    engines: {node: '>=12'}
    cpu: [x64]
    os: [netbsd]
    requiresBuild: true
    optional: true

  /esbuild-openbsd-64/0.15.12:
    resolution: {integrity: sha512-1o1uAfRTMIWNOmpf8v7iudND0L6zRBYSH45sofCZywrcf7NcZA+c7aFsS1YryU+yN7aRppTqdUK1PgbZVaB1Dw==}
    engines: {node: '>=12'}
    cpu: [x64]
    os: [openbsd]
    requiresBuild: true
    optional: true

  /esbuild-sunos-64/0.15.12:
    resolution: {integrity: sha512-nkl251DpoWoBO9Eq9aFdoIt2yYmp4I3kvQjba3jFKlMXuqQ9A4q+JaqdkCouG3DHgAGnzshzaGu6xofGcXyPXg==}
    engines: {node: '>=12'}
    cpu: [x64]
    os: [sunos]
    requiresBuild: true
    optional: true

  /esbuild-windows-32/0.15.12:
    resolution: {integrity: sha512-WlGeBZHgPC00O08luIp5B2SP4cNCp/PcS+3Pcg31kdcJPopHxLkdCXtadLU9J82LCfw4TVls21A6lilQ9mzHrw==}
    engines: {node: '>=12'}
    cpu: [ia32]
    os: [win32]
    requiresBuild: true
    optional: true

  /esbuild-windows-64/0.15.12:
    resolution: {integrity: sha512-VActO3WnWZSN//xjSfbiGOSyC+wkZtI8I4KlgrTo5oHJM6z3MZZBCuFaZHd8hzf/W9KPhF0lY8OqlmWC9HO5AA==}
    engines: {node: '>=12'}
    cpu: [x64]
    os: [win32]
    requiresBuild: true
    optional: true

  /esbuild-windows-arm64/0.15.12:
    resolution: {integrity: sha512-Of3MIacva1OK/m4zCNIvBfz8VVROBmQT+gRX6pFTLPngFYcj6TFH/12VveAqq1k9VB2l28EoVMNMUCcmsfwyuA==}
    engines: {node: '>=12'}
    cpu: [arm64]
    os: [win32]
    requiresBuild: true
    optional: true

  /esbuild/0.15.12:
    resolution: {integrity: sha512-PcT+/wyDqJQsRVhaE9uX/Oq4XLrFh0ce/bs2TJh4CSaw9xuvI+xFrH2nAYOADbhQjUgAhNWC5LKoUsakm4dxng==}
    engines: {node: '>=12'}
    hasBin: true
    requiresBuild: true
    optionalDependencies:
      '@esbuild/android-arm': 0.15.12
      '@esbuild/linux-loong64': 0.15.12
      esbuild-android-64: 0.15.12
      esbuild-android-arm64: 0.15.12
      esbuild-darwin-64: 0.15.12
      esbuild-darwin-arm64: 0.15.12
      esbuild-freebsd-64: 0.15.12
      esbuild-freebsd-arm64: 0.15.12
      esbuild-linux-32: 0.15.12
      esbuild-linux-64: 0.15.12
      esbuild-linux-arm: 0.15.12
      esbuild-linux-arm64: 0.15.12
      esbuild-linux-mips64le: 0.15.12
      esbuild-linux-ppc64le: 0.15.12
      esbuild-linux-riscv64: 0.15.12
      esbuild-linux-s390x: 0.15.12
      esbuild-netbsd-64: 0.15.12
      esbuild-openbsd-64: 0.15.12
      esbuild-sunos-64: 0.15.12
      esbuild-windows-32: 0.15.12
      esbuild-windows-64: 0.15.12
      esbuild-windows-arm64: 0.15.12

  /escape-string-regexp/5.0.0:
    resolution: {integrity: sha512-/veY75JbMK4j1yjvuUxuVsiS/hr/4iHs9FTT6cgTexxdE0Ly/glccBAkloH/DofkjRbZU3bnoj38mOmhkZ0lHw==}
    engines: {node: '>=12'}
    dev: false

  /external-editor/3.1.0:
    resolution: {integrity: sha512-hMQ4CX1p1izmuLYyZqLMO/qGNw10wSv9QDCPfzXfyFrOaCSSoRfqE1Kf1s5an66J5JZC62NewG+mK49jOCtQew==}
    engines: {node: '>=4'}
    dependencies:
      chardet: 0.7.0
      iconv-lite: 0.4.24
      tmp: 0.0.33
    dev: false

  /figures/5.0.0:
    resolution: {integrity: sha512-ej8ksPF4x6e5wvK9yevct0UCXh8TTFlWGVLlgjZuoBH1HwjIfKE/IdL5mq89sFA7zELi1VhKpmtDnrs7zWyeyg==}
    engines: {node: '>=14'}
    dependencies:
      escape-string-regexp: 5.0.0
      is-unicode-supported: 1.3.0
    dev: false

  /fsevents/2.3.2:
    resolution: {integrity: sha512-xiqMQR4xAeHTuB9uWm+fFRcIOgKBMiOBP+eXiyT7jsgVCq1bkVygt00oASowB7EdtpOHaaPgKt812P9ab+DDKA==}
    engines: {node: ^8.16.0 || ^10.6.0 || >=11.0.0}
    os: [darwin]
    requiresBuild: true
    optional: true

  /function-bind/1.1.1:
    resolution: {integrity: sha512-yIovAzMX49sF8Yl58fSCWJ5svSLuaibPxXQJFLmBObTuCr0Mf1KiPopGM9NiFjiYBCbfaa2Fh6breQ6ANVTI0A==}

  /get-func-name/2.0.0:
    resolution: {integrity: sha512-Hm0ixYtaSZ/V7C8FJrtZIuBBI+iSgL+1Aq82zSu8VQNB4S3Gk8e7Qs3VwBDJAhmRZcFqkl3tQu36g/Foh5I5ig==}
    dev: true

  /has/1.0.3:
    resolution: {integrity: sha512-f2dvO0VU6Oej7RkWJGrehjbzMAjFp5/VKPp5tTpWIV4JHHZK1/BxbFRtf/siA2SWTe09caDmVtYYzWEIbBS4zw==}
    engines: {node: '>= 0.4.0'}
    dependencies:
      function-bind: 1.1.1

  /iconv-lite/0.4.24:
    resolution: {integrity: sha512-v3MXnZAcvnywkTUEZomIActle7RXXeedOR31wwl7VlyoXO4Qi9arvSenNQWne1TcRwhCL1HwLI21bEqdpj8/rA==}
    engines: {node: '>=0.10.0'}
    dependencies:
      safer-buffer: 2.1.2
    dev: false

  /ieee754/1.2.1:
    resolution: {integrity: sha512-dcyqhDvX1C46lXZcVqCpK+FtMRQVdIMN6/Df5js2zouUsqG7I6sFxitIC+7KYK29KdXOLHdu9zL4sFnoVQnqaA==}
    dev: false

  /inherits/2.0.4:
    resolution: {integrity: sha512-k/vGaX4/Yla3WzyMCvTQOXYeIHvqOKtnqBduzTHpzpQZzAskKMhZ2K+EnBiSM9zGSoIFeMpXKxa4dYeZIQqewQ==}
    dev: false

  /inquirer/9.1.4:
    resolution: {integrity: sha512-9hiJxE5gkK/cM2d1mTEnuurGTAoHebbkX0BYl3h7iEg7FYfuNIom+nDfBCSWtvSnoSrWCeBxqqBZu26xdlJlXA==}
    engines: {node: '>=12.0.0'}
    dependencies:
      ansi-escapes: 6.0.0
      chalk: 5.1.2
      cli-cursor: 4.0.0
      cli-width: 4.0.0
      external-editor: 3.1.0
      figures: 5.0.0
      lodash: 4.17.21
      mute-stream: 0.0.8
      ora: 6.1.2
      run-async: 2.4.1
      rxjs: 7.5.7
      string-width: 5.1.2
      strip-ansi: 7.0.1
      through: 2.3.8
      wrap-ansi: 8.0.1
    dev: false

  /is-core-module/2.11.0:
    resolution: {integrity: sha512-RRjxlvLDkD1YJwDbroBHMb+cukurkDWNyHx7D3oNB5x9rb5ogcksMC5wHCadcXoo67gVr/+3GFySh3134zi6rw==}
    dependencies:
      has: 1.0.3

  /is-interactive/2.0.0:
    resolution: {integrity: sha512-qP1vozQRI+BMOPcjFzrjXuQvdak2pHNUMZoeG2eRbiSqyvbEf/wQtEOTOX1guk6E3t36RkaqiSt8A/6YElNxLQ==}
    engines: {node: '>=12'}
    dev: false

  /is-unicode-supported/1.3.0:
    resolution: {integrity: sha512-43r2mRvz+8JRIKnWJ+3j8JtjRKZ6GmjzfaE/qiBJnikNnYv/6bagRJ1kUhNk8R5EX/GkobD+r+sfxCPJsiKBLQ==}
    engines: {node: '>=12'}
    dev: false

  /jsonc-parser/3.2.0:
    resolution: {integrity: sha512-gfFQZrcTc8CnKXp6Y4/CBT3fTc0OVuDofpre4aEeEpSBPV5X5v4+Vmx+8snU7RLPrNHPKSgLxGo9YuQzz20o+w==}
    dev: false

  /local-pkg/0.4.2:
    resolution: {integrity: sha512-mlERgSPrbxU3BP4qBqAvvwlgW4MTg78iwJdGGnv7kibKjWcJksrG3t6LB5lXI93wXRDvG4NpUgJFmTG4T6rdrg==}
    engines: {node: '>=14'}
    dev: true

  /lodash/4.17.21:
    resolution: {integrity: sha512-v2kDEe57lecTulaDIuNTPy3Ry4gLGJ6Z1O3vE1krgXZNrsQ+LFTGHVxVjcXPs17LhbZVGedAJv8XZ1tvj5FvSg==}
    dev: false

  /log-symbols/5.1.0:
    resolution: {integrity: sha512-l0x2DvrW294C9uDCoQe1VSU4gf529FkSZ6leBl4TiqZH/e+0R7hSfHQBNut2mNygDgHwvYHfFLn6Oxb3VWj2rA==}
    engines: {node: '>=12'}
    dependencies:
      chalk: 5.1.2
      is-unicode-supported: 1.3.0
    dev: false

  /loupe/2.3.4:
    resolution: {integrity: sha512-OvKfgCC2Ndby6aSTREl5aCCPTNIzlDfQZvZxNUrBrihDhL3xcrYegTblhmEiCrg2kKQz4XsFIaemE5BF4ybSaQ==}
    dependencies:
      get-func-name: 2.0.0
    dev: true

  /mimic-fn/2.1.0:
    resolution: {integrity: sha512-OqbOk5oEQeAZ8WXWydlu9HJjz9WVdEIvamMCcXmuqUYjTknH/sqsWvhQ3vgwKFRR1HpjvNBKQ37nbJgYzGqGcg==}
    engines: {node: '>=6'}
    dev: false

  /mlly/0.5.16:
    resolution: {integrity: sha512-LaJ8yuh4v0zEmge/g3c7jjFlhoCPfQn6RCjXgm9A0Qiuochq4BcuOxVfWmdnCoLTlg2MV+hqhOek+W2OhG0Lwg==}
    dependencies:
      acorn: 8.8.0
      pathe: 0.3.9
      pkg-types: 0.3.5
      ufo: 0.8.6
    dev: false

  /ms/2.1.2:
    resolution: {integrity: sha512-sGkPx+VjMtmA6MX27oA4FBFELFCZZ4S4XqeGOXCv68tT+jb3vk/RyaKWP0PTKyWtmLSM0b+adUTEvbs1PEaH2w==}

  /mute-stream/0.0.8:
    resolution: {integrity: sha512-nnbWWOkoWyUsTjKrhgD0dcz22mdkSnpYqbEjIm2nhwhuxlSkpywJmBo8h0ZqJdkp73mb90SssHkN4rsRaBAfAA==}
    dev: false

  /nanoid/3.3.4:
    resolution: {integrity: sha512-MqBkQh/OHTS2egovRtLk45wEyNXwF+cokD+1YPf9u5VfJiRdAiRwB2froX5Co9Rh20xs4siNPm8naNotSD6RBw==}
    engines: {node: ^10 || ^12 || ^13.7 || ^14 || >=15.0.1}
    hasBin: true

  /onetime/5.1.2:
    resolution: {integrity: sha512-kbpaSSGJTWdAY5KPVeMOKXSrPtr8C8C7wodJbcsd51jRnmD+GZu8Y0VoU6Dm5Z4vWr0Ig/1NKuWRKf7j5aaYSg==}
    engines: {node: '>=6'}
    dependencies:
      mimic-fn: 2.1.0
    dev: false

  /ora/6.1.2:
    resolution: {integrity: sha512-EJQ3NiP5Xo94wJXIzAyOtSb0QEIAUu7m8t6UZ9krbz0vAJqr92JpcK/lEXg91q6B9pEGqrykkd2EQplnifDSBw==}
    engines: {node: ^12.20.0 || ^14.13.1 || >=16.0.0}
    dependencies:
      bl: 5.1.0
      chalk: 5.1.2
      cli-cursor: 4.0.0
      cli-spinners: 2.7.0
      is-interactive: 2.0.0
      is-unicode-supported: 1.3.0
      log-symbols: 5.1.0
      strip-ansi: 7.0.1
      wcwidth: 1.0.1
    dev: false

  /os-tmpdir/1.0.2:
    resolution: {integrity: sha512-D2FR03Vir7FIu45XBY20mTb+/ZSWB00sjU9jdQXt83gDrI4Ztz5Fs7/yy74g2N5SVQY4xY1qDr4rNddwYRVX0g==}
    engines: {node: '>=0.10.0'}
    dev: false

  /path-parse/1.0.7:
    resolution: {integrity: sha512-LDJzPVEEEPR+y48z93A0Ed0yXb8pAByGWo/k5YYdYgpY2/2EsOsksJrq7lOHxryrVOn1ejG6oAp8ahvOIQD8sw==}

  /pathe/0.2.0:
    resolution: {integrity: sha512-sTitTPYnn23esFR3RlqYBWn4c45WGeLcsKzQiUpXJAyfcWkolvlYpV8FLo7JishK946oQwMFUCHXQ9AjGPKExw==}
    dev: false

  /pathe/0.3.9:
    resolution: {integrity: sha512-6Y6s0vT112P3jD8dGfuS6r+lpa0qqNrLyHPOwvXMnyNTQaYiwgau2DP3aNDsR13xqtGj7rrPo+jFUATpU6/s+g==}
    dev: false

  /pathval/1.1.1:
    resolution: {integrity: sha512-Dp6zGqpTdETdR63lehJYPeIOqpiNBNtc7BpWSLrOje7UaIsE5aY92r/AunQA7rsXvet3lrJ3JnZX29UPTKXyKQ==}
    dev: true

  /picocolors/1.0.0:
    resolution: {integrity: sha512-1fygroTLlHu66zi26VoTDv8yRgm0Fccecssto+MhsZ0D/DGW2sm8E8AjW7NU5VVTRt5GxbeZ5qBuJr+HyLYkjQ==}

  /pkg-types/0.3.5:
    resolution: {integrity: sha512-VkxCBFVgQhNHYk9subx+HOhZ4jzynH11ah63LZsprTKwPCWG9pfWBlkElWFbvkP9BVR0dP1jS9xPdhaHQNK74Q==}
    dependencies:
      jsonc-parser: 3.2.0
      mlly: 0.5.16
      pathe: 0.3.9
    dev: false

  /postcss/8.4.18:
    resolution: {integrity: sha512-Wi8mWhncLJm11GATDaQKobXSNEYGUHeQLiQqDFG1qQ5UTDPTEvKw0Xt5NsTpktGTwLps3ByrWsBrG0rB8YQ9oA==}
    engines: {node: ^10 || ^12 || >=14}
    dependencies:
      nanoid: 3.3.4
      picocolors: 1.0.0
      source-map-js: 1.0.2

  /readable-stream/3.6.0:
    resolution: {integrity: sha512-BViHy7LKeTz4oNnkcLJ+lVSL6vpiFeX6/d3oSH8zCW7UxP2onchk+vTGB143xuFjHS3deTgkKoXXymXqymiIdA==}
    engines: {node: '>= 6'}
    dependencies:
      inherits: 2.0.4
      string_decoder: 1.3.0
      util-deprecate: 1.0.2
    dev: false

  /resolve/1.22.1:
    resolution: {integrity: sha512-nBpuuYuY5jFsli/JIs1oldw6fOQCBioohqWZg/2hiaOybXOft4lonv85uDOKXdf8rhyK159cxU5cDcK/NKk8zw==}
    hasBin: true
    dependencies:
      is-core-module: 2.11.0
      path-parse: 1.0.7
      supports-preserve-symlinks-flag: 1.0.0

  /restore-cursor/4.0.0:
    resolution: {integrity: sha512-I9fPXU9geO9bHOt9pHHOhOkYerIMsmVaWB0rA2AI9ERh/+x/i7MV5HKBNrg+ljO5eoPVgCcnFuRjJ9uH6I/3eg==}
    engines: {node: ^12.20.0 || ^14.13.1 || >=16.0.0}
    dependencies:
      onetime: 5.1.2
      signal-exit: 3.0.7
    dev: false

  /rollup/2.78.1:
    resolution: {integrity: sha512-VeeCgtGi4P+o9hIg+xz4qQpRl6R401LWEXBmxYKOV4zlF82lyhgh2hTZnheFUbANE8l2A41F458iwj2vEYaXJg==}
    engines: {node: '>=10.0.0'}
    hasBin: true
    optionalDependencies:
      fsevents: 2.3.2

  /run-async/2.4.1:
    resolution: {integrity: sha512-tvVnVv01b8c1RrA6Ep7JkStj85Guv/YrMcwqYQnwjsAS2cTmmPGBBjAjpCW7RrSodNSoE2/qg9O4bceNvUuDgQ==}
    engines: {node: '>=0.12.0'}
    dev: false

  /rxjs/7.5.7:
    resolution: {integrity: sha512-z9MzKh/UcOqB3i20H6rtrlaE/CgjLOvheWK/9ILrbhROGTweAi1BaFsTT9FbwZi5Trr1qNRs+MXkhmR06awzQA==}
    dependencies:
      tslib: 2.4.0
    dev: false

  /safe-buffer/5.2.1:
    resolution: {integrity: sha512-rp3So07KcdmmKbGvgaNxQSJr7bGVSVk5S9Eq1F+ppbRo70+YeaDxkw5Dd8NPN+GD6bjnYm2VuPuCXmpuYvmCXQ==}
    dev: false

  /safer-buffer/2.1.2:
    resolution: {integrity: sha512-YZo3K82SD7Riyi0E1EQPojLz7kpepnSQI9IyPbHHg1XXXevb5dJI7tpyN2ADxGcQbHG7vcyRHk0cbwqcQriUtg==}
    dev: false

  /signal-exit/3.0.7:
    resolution: {integrity: sha512-wnD2ZE+l+SPC/uoS0vXeE9L1+0wuaMqKlfz9AMUo38JsyLSBWSFcHR1Rri62LZc12vLr1gb3jl7iwQhgwpAbGQ==}
    dev: false

  /source-map-js/1.0.2:
    resolution: {integrity: sha512-R0XvVJ9WusLiqTCEiGCmICCMplcCkIwwR11mOSD9CR5u+IXYdiseeEuXCVAjS54zqwkLcPNnmU4OeJ6tUrWhDw==}
    engines: {node: '>=0.10.0'}

  /string-width/5.1.2:
    resolution: {integrity: sha512-HnLOCR3vjcY8beoNLtcjZ5/nxn2afmME6lhrDrebokqMap+XbeW8n9TXpPDOqdGK5qcI3oT0GKTW6wC7EMiVqA==}
    engines: {node: '>=12'}
    dependencies:
      eastasianwidth: 0.2.0
      emoji-regex: 9.2.2
      strip-ansi: 7.0.1
    dev: false

  /string_decoder/1.3.0:
    resolution: {integrity: sha512-hkRX8U1WjJFd8LsDJ2yQ/wWWxaopEsABU1XfkM8A+j0+85JAGppt16cr1Whg6KIbb4okU6Mql6BOj+uup/wKeA==}
    dependencies:
      safe-buffer: 5.2.1
    dev: false

  /strip-ansi/7.0.1:
    resolution: {integrity: sha512-cXNxvT8dFNRVfhVME3JAe98mkXDYN2O1l7jmcwMnOslDeESg1rF/OZMtK0nRAhiari1unG5cD4jG3rapUAkLbw==}
    engines: {node: '>=12'}
    dependencies:
      ansi-regex: 6.0.1
    dev: false

  /strip-literal/0.4.2:
    resolution: {integrity: sha512-pv48ybn4iE1O9RLgCAN0iU4Xv7RlBTiit6DKmMiErbs9x1wH6vXBs45tWc0H5wUIF6TLTrKweqkmYF/iraQKNw==}
    dependencies:
      acorn: 8.8.0
    dev: true

  /supports-preserve-symlinks-flag/1.0.0:
    resolution: {integrity: sha512-ot0WnXS9fgdkgIcePe6RHNk1WA8+muPa6cSjeR3V8K27q9BB1rTE3R1p7Hv0z1ZyAc8s6Vvv8DIyWf681MAt0w==}
    engines: {node: '>= 0.4'}

  /through/2.3.8:
    resolution: {integrity: sha512-w89qg7PI8wAdvX60bMDP+bFoD5Dvhm9oLheFp5O4a2QF0cSBGsBX4qZmadPMvVqlLJBBci+WqGGOAPvcDeNSVg==}
    dev: false

  /tinybench/2.3.1:
    resolution: {integrity: sha512-hGYWYBMPr7p4g5IarQE7XhlyWveh1EKhy4wUBS1LrHXCKYgvz+4/jCqgmJqZxxldesn05vccrtME2RLLZNW7iA==}
    dev: true

  /tinypool/0.3.0:
    resolution: {integrity: sha512-NX5KeqHOBZU6Bc0xj9Vr5Szbb1j8tUHIeD18s41aDJaPeC5QTdEhK0SpdpUrZlj2nv5cctNcSjaKNanXlfcVEQ==}
    engines: {node: '>=14.0.0'}
    dev: true

  /tinyspy/1.0.2:
    resolution: {integrity: sha512-bSGlgwLBYf7PnUsQ6WOc6SJ3pGOcd+d8AA6EUnLDDM0kWEstC1JIlSZA3UNliDXhd9ABoS7hiRBDCu+XP/sf1Q==}
    engines: {node: '>=14.0.0'}
    dev: true

  /tmp/0.0.33:
    resolution: {integrity: sha512-jRCJlojKnZ3addtTOjdIqoRuPEKBvNXcGYqzO6zWZX8KfKEpnGY5jfggJQ3EjKuu8D4bJRr0y+cYJFmYbImXGw==}
    engines: {node: '>=0.6.0'}
    dependencies:
      os-tmpdir: 1.0.2
    dev: false

  /tslib/2.4.0:
    resolution: {integrity: sha512-d6xOpEDfsi2CZVlPQzGeux8XMwLT9hssAsaPYExaQMuYskwb+x1x7J371tWlbBdWHroy99KnVB6qIkUbs5X3UQ==}
    dev: false

  /type-detect/4.0.8:
    resolution: {integrity: sha512-0fr/mIH1dlO+x7TlcMy+bIDqKPsw/70tVyeHW787goQjhmqaZe10uwLujubK9q9Lg6Fiho1KUKDYz0Z7k7g5/g==}
    engines: {node: '>=4'}
    dev: true

  /type-fest/3.1.0:
    resolution: {integrity: sha512-StmrZmK3eD9mDF9Vt7UhqthrDSk66O9iYl5t5a0TSoVkHjl0XZx/xuc/BRz4urAXXGHOY5OLsE0RdJFIApSFmw==}
    engines: {node: '>=14.16'}
    dev: false

  /typescript/4.8.4:
    resolution: {integrity: sha512-QCh+85mCy+h0IGff8r5XWzOVSbBO+KfeYrMQh7NJ58QujwcE22u+NUSmUxqF+un70P9GXKxa2HCNiTTMJknyjQ==}
    engines: {node: '>=4.2.0'}
    hasBin: true
    dev: true

  /ufo/0.8.6:
    resolution: {integrity: sha512-fk6CmUgwKCfX79EzcDQQpSCMxrHstvbLswFChHS0Vump+kFkw7nJBfTZoC1j0bOGoY9I7R3n2DGek5ajbcYnOw==}
    dev: false

  /util-deprecate/1.0.2:
    resolution: {integrity: sha512-EPD5q1uXyFxJpCrLnCc1nHnq3gOa6DZBocAIiI2TaSCA7VCJ1UJDMagCzIkXNsUYfD1daK//LTEQ8xiIbrHtcw==}
    dev: false

  /vite-node/0.24.3:
    resolution: {integrity: sha512-OBdUO+xEySODBy8aT0mze537Gt3qushIqdt/DylbfnK5sfVtpRcredNACHCyhvzhVYqs3hKxavPhV8IN8zFg2A==}
    engines: {node: '>=v14.16.0'}
    hasBin: true
    dependencies:
      debug: 4.3.4
      mlly: 0.5.16
      pathe: 0.2.0
      vite: 3.1.8
    transitivePeerDependencies:
      - less
      - sass
      - stylus
      - supports-color
      - terser
    dev: false

  /vite/3.1.8:
    resolution: {integrity: sha512-m7jJe3nufUbuOfotkntGFupinL/fmuTNuQmiVE7cH2IZMuf4UbfbGYMUT3jVWgGYuRVLY9j8NnrRqgw5rr5QTg==}
    engines: {node: ^14.18.0 || >=16.0.0}
    hasBin: true
    peerDependencies:
      less: '*'
      sass: '*'
      stylus: '*'
      terser: ^5.4.0
    peerDependenciesMeta:
      less:
        optional: true
      sass:
        optional: true
      stylus:
        optional: true
      terser:
        optional: true
    dependencies:
      esbuild: 0.15.12
      postcss: 8.4.18
      resolve: 1.22.1
      rollup: 2.78.1
    optionalDependencies:
      fsevents: 2.3.2

  /vitest/0.24.3:
    resolution: {integrity: sha512-aM0auuPPgMSstWvr851hB74g/LKaKBzSxcG3da7ejfZbx08Y21JpZmbmDYrMTCGhVZKqTGwzcnLMwyfz2WzkhQ==}
    engines: {node: '>=v14.16.0'}
    hasBin: true
    peerDependencies:
      '@edge-runtime/vm': '*'
      '@vitest/browser': '*'
      '@vitest/ui': '*'
      happy-dom: '*'
      jsdom: '*'
    peerDependenciesMeta:
      '@edge-runtime/vm':
        optional: true
      '@vitest/browser':
        optional: true
      '@vitest/ui':
        optional: true
      happy-dom:
        optional: true
      jsdom:
        optional: true
    dependencies:
      '@types/chai': 4.3.3
      '@types/chai-subset': 1.3.3
      '@types/node': 18.11.3
      chai: 4.3.6
      debug: 4.3.4
      local-pkg: 0.4.2
      strip-literal: 0.4.2
      tinybench: 2.3.1
      tinypool: 0.3.0
      tinyspy: 1.0.2
      vite: 3.1.8
    transitivePeerDependencies:
      - less
      - sass
      - stylus
      - supports-color
      - terser
    dev: true

  /wcwidth/1.0.1:
    resolution: {integrity: sha512-XHPEwS0q6TaxcvG85+8EYkbiCux2XtWG2mkc47Ng2A77BQu9+DqIOJldST4HgPkuea7dvKSj5VgX3P1d4rW8Tg==}
    dependencies:
      defaults: 1.0.4
    dev: false

  /wrap-ansi/8.0.1:
    resolution: {integrity: sha512-QFF+ufAqhoYHvoHdajT/Po7KoXVBPXS2bgjIam5isfWJPfIOnQZ50JtUiVvCv/sjgacf3yRrt2ZKUZ/V4itN4g==}
    engines: {node: '>=12'}
    dependencies:
      ansi-styles: 6.2.1
      string-width: 5.1.2
      strip-ansi: 7.0.1
    dev: false
